# This file is autogenerated, do not edit; changes may be undone by the next 'dep ensure'.


[[projects]]
  digest = "1:184008c955d6a3226b700c13ed0e875a7a051a759618f9bccba9b5c99f17faa5"
  name = "github.com/eclipse/paho.mqtt.golang"
  packages = [
    ".",
    "packets",
  ]
  pruneopts = "UT"
  revision = "36d01c2b4cbeb3d2a12063e4880ce30800af9560"
  version = "v1.1.1"

[[projects]]
  digest = "1:18f8bac7ae238f1d06b347d40fea2a37d029e11ddeac57163182a08c780955f2"
  name = "github.com/influxdata/influxdb"
  packages = [
    "client/v2",
    "models",
    "pkg/escape",
  ]
  pruneopts = "UT"
  revision = "5766854b95ae86cccf6cc8ffe4c5bb9eacc994b8"
  version = "v1.6.1"

[[projects]]
  digest = "1:5003a6cd968a1dcf09b85b26822e762500629398ff7cdfa526443da128c90adb"
  name = "github.com/jinzhu/gorm"
  packages = [
    ".",
    "dialects/postgres",
    "dialects/sqlite",
  ]
  pruneopts = "UT"
  revision = "6ed508ec6a4ecb3531899a69cbc746ccf65a4166"
  version = "v1.9.1"

[[projects]]
  branch = "master"
  digest = "1:fd97437fbb6b7dce04132cf06775bd258cce305c44add58eb55ca86c6c325160"
  name = "github.com/jinzhu/inflection"
  packages = ["."]
  pruneopts = "UT"
  revision = "04140366298a54a039076d798123ffa108fff46c"

[[projects]]
  digest = "1:b18ffc558326ebaed3b4a175617f1e12ed4e3f53d6ebfe5ba372a3de16d22278"
  name = "github.com/lib/pq"
  packages = [
    ".",
    "hstore",
    "oid",
  ]
  pruneopts = "UT"
  revision = "4ded0e9383f75c197b3a2aaa6d590ac52df6fd79"
  version = "v1.0.0"

[[projects]]
  digest = "1:3cafc6a5a1b8269605d9df4c6956d43d8011fc57f266ca6b9d04da6c09dee548"
  name = "github.com/mattn/go-sqlite3"
  packages = ["."]
  pruneopts = "UT"
  revision = "25ecb14adfc7543176f7d85291ec7dba82c6f7e4"
  version = "v1.9.0"

[[projects]]
  branch = "master"
  digest = "1:ece338c951f4410f9ea21b56ea12f933ffb085672fe868ab57254d1536f384f7"
  name = "golang.org/x/net"
  packages = [
    "internal/socks",
    "proxy",
    "websocket",
  ]
  pruneopts = "UT"
  revision = "4bcd98cce591d8c7061bf313d7a3cbad05b58549"

[solve-meta]
  analyzer-name = "dep"
  analyzer-version = 1
  input-imports = [
    "github.com/eclipse/paho.mqtt.golang",
    "github.com/influxdata/influxdb/client/v2",
    "github.com/jinzhu/gorm",
    "github.com/jinzhu/gorm/dialects/postgres",
    "github.com/jinzhu/gorm/dialects/sqlite",
  ]
  solver-name = "gps-cdcl"
  solver-version = 1
